
Microsoft Visual Studio Solution File, Format Version 12.00
# Visual Studio 15
Project("{FAE04EC0-301F-11D3-BF4B-00C04F79EFBC}") = "Hololens Drum", "Hololens Drum.csproj", "{B00ED3CC-E544-D806-69FE-FAA4FC36253E}"
EndProject
Project("{FAE04EC0-301F-11D3-BF4B-00C04F79EFBC}") = "Hololens Drum.Editor", "Hololens Drum.Editor.csproj", "{2708CC4C-B80A-066C-F189-7354257762B1}"
EndProject
Global
	GlobalSection(SolutionConfigurationPlatforms) = preSolution
		Debug|Any CPU = Debug|Any CPU
		Release|Any CPU = Release|Any CPU
	EndGlobalSection
	GlobalSection(ProjectConfigurationPlatforms) = postSolution
		{B00ED3CC-E544-D806-69FE-FAA4FC36253E}.Debug|Any CPU.ActiveCfg = Debug|Any CPU
		{B00ED3CC-E544-D806-69FE-FAA4FC36253E}.Debug|Any CPU.Build.0 = Debug|Any CPU
		{B00ED3CC-E544-D806-69FE-FAA4FC36253E}.Release|Any CPU.ActiveCfg = Release|Any CPU
		{B00ED3CC-E544-D806-69FE-FAA4FC36253E}.Release|Any CPU.Build.0 = Release|Any CPU
		{2708CC4C-B80A-066C-F189-7354257762B1}.Debug|Any CPU.ActiveCfg = Debug|Any CPU
		{2708CC4C-B80A-066C-F189-7354257762B1}.Debug|Any CPU.Build.0 = Debug|Any CPU
		{2708CC4C-B80A-066C-F189-7354257762B1}.Release|Any CPU.ActiveCfg = Release|Any CPU
		{2708CC4C-B80A-066C-F189-7354257762B1}.Release|Any CPU.Build.0 = Release|Any CPU
	EndGlobalSection
	GlobalSection(SolutionProperties) = preSolution
		HideSolutionNode = FALSE
	EndGlobalSection
EndGlobal
